
Microsoft Visual Studio Solution File, Format Version 12.00
# Visual Studio Version 17
VisualStudioVersion = 17.3.32929.385
MinimumVisualStudioVersion = 10.0.40219.1
Project("{9A19103F-16F7-4668-BE54-9A1E7A4F7556}") = "Configuration.Registry", "Configuration.Registry\Configuration.Registry.csproj", "{29A5D63E-A5D2-4738-8721-CA9055B37324}"
EndProject
Global
	GlobalSection(SolutionConfigurationPlatforms) = preSolution
		Debug|Any CPU = Debug|Any CPU
		Release|Any CPU = Release|Any CPU
	EndGlobalSection
	GlobalSection(ProjectConfigurationPlatforms) = postSolution
		{29A5D63E-A5D2-4738-8721-CA9055B37324}.Debug|Any CPU.ActiveCfg = Debug|Any CPU
		{29A5D63E-A5D2-4738-8721-CA9055B37324}.Debug|Any CPU.Build.0 = Debug|Any CPU
		{29A5D63E-A5D2-4738-8721-CA9055B37324}.Release|Any CPU.ActiveCfg = Release|Any CPU
		{29A5D63E-A5D2-4738-8721-CA9055B37324}.Release|Any CPU.Build.0 = Release|Any CPU
	EndGlobalSection
	GlobalSection(SolutionProperties) = preSolution
		HideSolutionNode = FALSE
	EndGlobalSection
	GlobalSection(ExtensibilityGlobals) = postSolution
		SolutionGuid = {E282A150-6FC1-440D-9E2C-67487C1463A7}
	EndGlobalSection
EndGlobal
